
Microsoft Visual Studio Solution File, Format Version 11.00
# Visual Studio 2010
# SharpDevelop 4.4
Project("{FD48973F-F585-4F70-812B-4D0503B36CE9}") = "strint3", "strint3.pyproj", "{DC6EB1E9-CC00-4085-A4AD-D4DE2A9AE4FB}"
EndProject
Global
	GlobalSection(SolutionConfigurationPlatforms) = preSolution
		Debug|Any CPU = Debug|Any CPU
		Release|Any CPU = Release|Any CPU
	EndGlobalSection
	GlobalSection(ProjectConfigurationPlatforms) = postSolution
		{DC6EB1E9-CC00-4085-A4AD-D4DE2A9AE4FB}.Debug|Any CPU.Build.0 = Debug|Any CPU
		{DC6EB1E9-CC00-4085-A4AD-D4DE2A9AE4FB}.Debug|Any CPU.ActiveCfg = Debug|Any CPU
		{DC6EB1E9-CC00-4085-A4AD-D4DE2A9AE4FB}.Release|Any CPU.Build.0 = Release|Any CPU
		{DC6EB1E9-CC00-4085-A4AD-D4DE2A9AE4FB}.Release|Any CPU.ActiveCfg = Release|Any CPU
	EndGlobalSection
EndGlobal
