
Microsoft Visual Studio Solution File, Format Version 11.00
# Visual Studio 2010
# SharpDevelop 4.4
Project("{FD48973F-F585-4F70-812B-4D0503B36CE9}") = "prog54c", "prog54c.pyproj", "{D0CD8D2D-907A-4741-BCDC-23B249684D8F}"
EndProject
Global
	GlobalSection(SolutionConfigurationPlatforms) = preSolution
		Debug|Any CPU = Debug|Any CPU
		Release|Any CPU = Release|Any CPU
	EndGlobalSection
	GlobalSection(ProjectConfigurationPlatforms) = postSolution
		{D0CD8D2D-907A-4741-BCDC-23B249684D8F}.Debug|Any CPU.Build.0 = Debug|Any CPU
		{D0CD8D2D-907A-4741-BCDC-23B249684D8F}.Debug|Any CPU.ActiveCfg = Debug|Any CPU
		{D0CD8D2D-907A-4741-BCDC-23B249684D8F}.Release|Any CPU.Build.0 = Release|Any CPU
		{D0CD8D2D-907A-4741-BCDC-23B249684D8F}.Release|Any CPU.ActiveCfg = Release|Any CPU
	EndGlobalSection
EndGlobal
