
Microsoft Visual Studio Solution File, Format Version 12.00
# Visual Studio 2013
VisualStudioVersion = 12.0.40629.0
MinimumVisualStudioVersion = 10.0.40219.1
Project("{FAE04EC0-301F-11D3-BF4B-00C04F79EFBC}") = "HelloWorld", "HelloWorld\HelloWorld.csproj", "{9086A41B-10FC-47D2-B80F-7CEABCB74C80}"
EndProject
Project("{FAE04EC0-301F-11D3-BF4B-00C04F79EFBC}") = "ConsoleApplication1", "ConsoleApplication1\ConsoleApplication1.csproj", "{6E7866E8-D896-4C84-8321-00610C4EC253}"
EndProject
Project("{FAE04EC0-301F-11D3-BF4B-00C04F79EFBC}") = "lang52aconsole", "lang52aconsole\lang52aconsole.csproj", "{7615B20A-AAD0-43FD-9DD0-F885C68567A8}"
EndProject
Project("{FAE04EC0-301F-11D3-BF4B-00C04F79EFBC}") = "lang54bConsole", "lang54bConsole\lang54bConsole.csproj", "{E67C3DC3-3EC1-44EF-952F-1C46B95ECC2F}"
EndProject
Project("{FAE04EC0-301F-11D3-BF4B-00C04F79EFBC}") = "favclubConsole", "favclubConsole\favclubConsole.csproj", "{7BA80F81-4F94-45D9-B2DE-82414C22AF85}"
EndProject
Project("{FAE04EC0-301F-11D3-BF4B-00C04F79EFBC}") = "yournameConsole", "yournameConsole\yournameConsole.csproj", "{D8F68DDB-B680-4493-BCEE-448D1FEFD3EF}"
EndProject
Project("{FAE04EC0-301F-11D3-BF4B-00C04F79EFBC}") = "lang54cConsole", "lang54cConsole\lang54cConsole.csproj", "{37E98CB2-707D-4095-8E97-A102ED7BF1F4}"
EndProject
Project("{FAE04EC0-301F-11D3-BF4B-00C04F79EFBC}") = "lang54a", "prog54\lang54a.csproj", "{A14CB72A-EF13-4D53-AD65-C9C50A5467EC}"
EndProject
Project("{FAE04EC0-301F-11D3-BF4B-00C04F79EFBC}") = "AboutmeForm", "AboutmeForm\AboutmeForm.csproj", "{E3CCC374-F9C8-48C0-9C2A-898957B6B1D4}"
EndProject
Project("{FAE04EC0-301F-11D3-BF4B-00C04F79EFBC}") = "lang85c", "lang85c\lang85c.csproj", "{19A84400-4F6D-4BB0-A3B9-CAFD4AF458CD}"
EndProject
Project("{FAE04EC0-301F-11D3-BF4B-00C04F79EFBC}") = "lang88a", "lang88a\lang88a.csproj", "{6AE4B4A2-4698-400C-BF92-372B7A11EEC5}"
EndProject
Project("{FAE04EC0-301F-11D3-BF4B-00C04F79EFBC}") = "pg273massandweight", "pg273massandweight\pg273massandweight.csproj", "{8A28E36F-24D4-41EB-8F2F-8AB9EBFD54B0}"
EndProject
Project("{FAE04EC0-301F-11D3-BF4B-00C04F79EFBC}") = "pg273BookClubPoints", "pg273BookClubPoints\pg273BookClubPoints.csproj", "{911B83CE-046C-4F1D-8D02-F8DF3156A53B}"
EndProject
Project("{FAE04EC0-301F-11D3-BF4B-00C04F79EFBC}") = "pg266LargeSmall", "pg266LargeSmall\pg266LargeSmall.csproj", "{214677ED-4B87-47B6-AD69-2EFF3DE3D1A0}"
EndProject
Project("{FAE04EC0-301F-11D3-BF4B-00C04F79EFBC}") = "lp4-5", "lp4-5\lp4-5.csproj", "{6D6551B1-2125-4544-8D3B-A78115FCFCE7}"
EndProject
Project("{FAE04EC0-301F-11D3-BF4B-00C04F79EFBC}") = "lp4-1", "lp4-1\lp4-1.csproj", "{1A3BB5A8-F998-4B82-9625-B364FA73E2D5}"
EndProject
Project("{FAE04EC0-301F-11D3-BF4B-00C04F79EFBC}") = "pg535CatchMe", "pg535CatchMe\pg535CatchMe.csproj", "{34A550B5-271E-4794-8B96-A58867023ABB}"
EndProject
Project("{FAE04EC0-301F-11D3-BF4B-00C04F79EFBC}") = "lp4-2", "lp4-2\lp4-2.csproj", "{0F622DF3-C4C1-43EB-92AD-78F7956E3AFE}"
EndProject
Project("{FAE04EC0-301F-11D3-BF4B-00C04F79EFBC}") = "lang122a", "lang122a\lang122a.csproj", "{B70BDBE4-FBC1-4DAE-AB61-33989B047232}"
EndProject
Project("{FAE04EC0-301F-11D3-BF4B-00C04F79EFBC}") = "lang122b", "lang122b\lang122b.csproj", "{90A7437D-97A0-48BE-A5F2-83BD84FD3323}"
EndProject
Project("{FAE04EC0-301F-11D3-BF4B-00C04F79EFBC}") = "lang310a", "prog310a\lang310a.csproj", "{81771C61-CC76-4CB9-AB49-CA534BBFA2A7}"
EndProject
Project("{FAE04EC0-301F-11D3-BF4B-00C04F79EFBC}") = "pg347sum", "pg347sum\pg347sum.csproj", "{265BC289-A224-405F-9BB4-21F3EEA5276A}"
EndProject
Project("{FAE04EC0-301F-11D3-BF4B-00C04F79EFBC}") = "lang122d", "lang122d\lang122d.csproj", "{A3DAA544-D9AD-4582-AA85-269845A7BCEE}"
EndProject
Project("{FAE04EC0-301F-11D3-BF4B-00C04F79EFBC}") = "calcwithfunc", "calcwithfunc\calcwithfunc.csproj", "{E17B37C6-EA1D-43AB-BF95-84C6235A7959}"
EndProject
Project("{FAE04EC0-301F-11D3-BF4B-00C04F79EFBC}") = "lang366b", "lang366b\lang366b.csproj", "{2EB3D596-C18D-4664-98C8-1637EE7DA2A7}"
EndProject
Project("{FAE04EC0-301F-11D3-BF4B-00C04F79EFBC}") = "pg435ticketsales", "pg435ticketsales\pg435ticketsales.csproj", "{8D7702C9-CBB0-4E60-AA1D-C86E6324F2D2}"
EndProject
Project("{FAE04EC0-301F-11D3-BF4B-00C04F79EFBC}") = "pg334loancalc", "pg334loancalc\pg334loancalc.csproj", "{721D0ED0-66E8-43A2-AF32-01E0909CF7C0}"
EndProject
Project("{FAE04EC0-301F-11D3-BF4B-00C04F79EFBC}") = "pg489Payroll", "pg489Payroll\pg489Payroll.csproj", "{177368C5-2B66-4970-B8C8-7C2D7F87F1AC}"
EndProject
Project("{FAE04EC0-301F-11D3-BF4B-00C04F79EFBC}") = "pg514SalesData", "pg514SalesData\pg514SalesData.csproj", "{CFD557B5-0222-400E-B83B-907E6AC16081}"
EndProject
Project("{FAE04EC0-301F-11D3-BF4B-00C04F79EFBC}") = "strinterview7", "strinterview7\strinterview7.csproj", "{FD34E246-366A-4A50-8B89-DA995D48DAEC}"
EndProject
Project("{FAE04EC0-301F-11D3-BF4B-00C04F79EFBC}") = "strinterview16", "strinterview16\strinterview16.csproj", "{19E9BD3F-DB34-4C70-A24F-1DD5CDB9290E}"
EndProject
Project("{FAE04EC0-301F-11D3-BF4B-00C04F79EFBC}") = "strinterview8", "strinterview8\strinterview8.csproj", "{4BA3099F-5A80-455D-82E8-4271B7228D96}"
EndProject
Project("{FAE04EC0-301F-11D3-BF4B-00C04F79EFBC}") = "strInterview18", "strInterview18\strInterview18.csproj", "{17771631-D113-45ED-A2F4-39A7EA13CCAB}"
EndProject
Global
	GlobalSection(SolutionConfigurationPlatforms) = preSolution
		Debug|Any CPU = Debug|Any CPU
		Release|Any CPU = Release|Any CPU
	EndGlobalSection
	GlobalSection(ProjectConfigurationPlatforms) = postSolution
		{9086A41B-10FC-47D2-B80F-7CEABCB74C80}.Debug|Any CPU.ActiveCfg = Debug|Any CPU
		{9086A41B-10FC-47D2-B80F-7CEABCB74C80}.Debug|Any CPU.Build.0 = Debug|Any CPU
		{9086A41B-10FC-47D2-B80F-7CEABCB74C80}.Release|Any CPU.ActiveCfg = Release|Any CPU
		{9086A41B-10FC-47D2-B80F-7CEABCB74C80}.Release|Any CPU.Build.0 = Release|Any CPU
		{6E7866E8-D896-4C84-8321-00610C4EC253}.Debug|Any CPU.ActiveCfg = Debug|Any CPU
		{6E7866E8-D896-4C84-8321-00610C4EC253}.Debug|Any CPU.Build.0 = Debug|Any CPU
		{6E7866E8-D896-4C84-8321-00610C4EC253}.Release|Any CPU.ActiveCfg = Release|Any CPU
		{6E7866E8-D896-4C84-8321-00610C4EC253}.Release|Any CPU.Build.0 = Release|Any CPU
		{7615B20A-AAD0-43FD-9DD0-F885C68567A8}.Debug|Any CPU.ActiveCfg = Debug|Any CPU
		{7615B20A-AAD0-43FD-9DD0-F885C68567A8}.Debug|Any CPU.Build.0 = Debug|Any CPU
		{7615B20A-AAD0-43FD-9DD0-F885C68567A8}.Release|Any CPU.ActiveCfg = Release|Any CPU
		{7615B20A-AAD0-43FD-9DD0-F885C68567A8}.Release|Any CPU.Build.0 = Release|Any CPU
		{E67C3DC3-3EC1-44EF-952F-1C46B95ECC2F}.Debug|Any CPU.ActiveCfg = Debug|Any CPU
		{E67C3DC3-3EC1-44EF-952F-1C46B95ECC2F}.Debug|Any CPU.Build.0 = Debug|Any CPU
		{E67C3DC3-3EC1-44EF-952F-1C46B95ECC2F}.Release|Any CPU.ActiveCfg = Release|Any CPU
		{E67C3DC3-3EC1-44EF-952F-1C46B95ECC2F}.Release|Any CPU.Build.0 = Release|Any CPU
		{7BA80F81-4F94-45D9-B2DE-82414C22AF85}.Debug|Any CPU.ActiveCfg = Debug|Any CPU
		{7BA80F81-4F94-45D9-B2DE-82414C22AF85}.Debug|Any CPU.Build.0 = Debug|Any CPU
		{7BA80F81-4F94-45D9-B2DE-82414C22AF85}.Release|Any CPU.ActiveCfg = Release|Any CPU
		{7BA80F81-4F94-45D9-B2DE-82414C22AF85}.Release|Any CPU.Build.0 = Release|Any CPU
		{D8F68DDB-B680-4493-BCEE-448D1FEFD3EF}.Debug|Any CPU.ActiveCfg = Debug|Any CPU
		{D8F68DDB-B680-4493-BCEE-448D1FEFD3EF}.Debug|Any CPU.Build.0 = Debug|Any CPU
		{D8F68DDB-B680-4493-BCEE-448D1FEFD3EF}.Release|Any CPU.ActiveCfg = Release|Any CPU
		{D8F68DDB-B680-4493-BCEE-448D1FEFD3EF}.Release|Any CPU.Build.0 = Release|Any CPU
		{37E98CB2-707D-4095-8E97-A102ED7BF1F4}.Debug|Any CPU.ActiveCfg = Debug|Any CPU
		{37E98CB2-707D-4095-8E97-A102ED7BF1F4}.Debug|Any CPU.Build.0 = Debug|Any CPU
		{37E98CB2-707D-4095-8E97-A102ED7BF1F4}.Release|Any CPU.ActiveCfg = Release|Any CPU
		{37E98CB2-707D-4095-8E97-A102ED7BF1F4}.Release|Any CPU.Build.0 = Release|Any CPU
		{A14CB72A-EF13-4D53-AD65-C9C50A5467EC}.Debug|Any CPU.ActiveCfg = Debug|Any CPU
		{A14CB72A-EF13-4D53-AD65-C9C50A5467EC}.Debug|Any CPU.Build.0 = Debug|Any CPU
		{A14CB72A-EF13-4D53-AD65-C9C50A5467EC}.Release|Any CPU.ActiveCfg = Release|Any CPU
		{A14CB72A-EF13-4D53-AD65-C9C50A5467EC}.Release|Any CPU.Build.0 = Release|Any CPU
		{E3CCC374-F9C8-48C0-9C2A-898957B6B1D4}.Debug|Any CPU.ActiveCfg = Debug|Any CPU
		{E3CCC374-F9C8-48C0-9C2A-898957B6B1D4}.Debug|Any CPU.Build.0 = Debug|Any CPU
		{E3CCC374-F9C8-48C0-9C2A-898957B6B1D4}.Release|Any CPU.ActiveCfg = Release|Any CPU
		{E3CCC374-F9C8-48C0-9C2A-898957B6B1D4}.Release|Any CPU.Build.0 = Release|Any CPU
		{19A84400-4F6D-4BB0-A3B9-CAFD4AF458CD}.Debug|Any CPU.ActiveCfg = Debug|Any CPU
		{19A84400-4F6D-4BB0-A3B9-CAFD4AF458CD}.Debug|Any CPU.Build.0 = Debug|Any CPU
		{19A84400-4F6D-4BB0-A3B9-CAFD4AF458CD}.Release|Any CPU.ActiveCfg = Release|Any CPU
		{19A84400-4F6D-4BB0-A3B9-CAFD4AF458CD}.Release|Any CPU.Build.0 = Release|Any CPU
		{6AE4B4A2-4698-400C-BF92-372B7A11EEC5}.Debug|Any CPU.ActiveCfg = Debug|Any CPU
		{6AE4B4A2-4698-400C-BF92-372B7A11EEC5}.Debug|Any CPU.Build.0 = Debug|Any CPU
		{6AE4B4A2-4698-400C-BF92-372B7A11EEC5}.Release|Any CPU.ActiveCfg = Release|Any CPU
		{6AE4B4A2-4698-400C-BF92-372B7A11EEC5}.Release|Any CPU.Build.0 = Release|Any CPU
		{8A28E36F-24D4-41EB-8F2F-8AB9EBFD54B0}.Debug|Any CPU.ActiveCfg = Debug|Any CPU
		{8A28E36F-24D4-41EB-8F2F-8AB9EBFD54B0}.Debug|Any CPU.Build.0 = Debug|Any CPU
		{8A28E36F-24D4-41EB-8F2F-8AB9EBFD54B0}.Release|Any CPU.ActiveCfg = Release|Any CPU
		{8A28E36F-24D4-41EB-8F2F-8AB9EBFD54B0}.Release|Any CPU.Build.0 = Release|Any CPU
		{911B83CE-046C-4F1D-8D02-F8DF3156A53B}.Debug|Any CPU.ActiveCfg = Debug|Any CPU
		{911B83CE-046C-4F1D-8D02-F8DF3156A53B}.Debug|Any CPU.Build.0 = Debug|Any CPU
		{911B83CE-046C-4F1D-8D02-F8DF3156A53B}.Release|Any CPU.ActiveCfg = Release|Any CPU
		{911B83CE-046C-4F1D-8D02-F8DF3156A53B}.Release|Any CPU.Build.0 = Release|Any CPU
		{214677ED-4B87-47B6-AD69-2EFF3DE3D1A0}.Debug|Any CPU.ActiveCfg = Debug|Any CPU
		{214677ED-4B87-47B6-AD69-2EFF3DE3D1A0}.Debug|Any CPU.Build.0 = Debug|Any CPU
		{214677ED-4B87-47B6-AD69-2EFF3DE3D1A0}.Release|Any CPU.ActiveCfg = Release|Any CPU
		{214677ED-4B87-47B6-AD69-2EFF3DE3D1A0}.Release|Any CPU.Build.0 = Release|Any CPU
		{6D6551B1-2125-4544-8D3B-A78115FCFCE7}.Debug|Any CPU.ActiveCfg = Debug|Any CPU
		{6D6551B1-2125-4544-8D3B-A78115FCFCE7}.Debug|Any CPU.Build.0 = Debug|Any CPU
		{6D6551B1-2125-4544-8D3B-A78115FCFCE7}.Release|Any CPU.ActiveCfg = Release|Any CPU
		{6D6551B1-2125-4544-8D3B-A78115FCFCE7}.Release|Any CPU.Build.0 = Release|Any CPU
		{1A3BB5A8-F998-4B82-9625-B364FA73E2D5}.Debug|Any CPU.ActiveCfg = Debug|Any CPU
		{1A3BB5A8-F998-4B82-9625-B364FA73E2D5}.Debug|Any CPU.Build.0 = Debug|Any CPU
		{1A3BB5A8-F998-4B82-9625-B364FA73E2D5}.Release|Any CPU.ActiveCfg = Release|Any CPU
		{1A3BB5A8-F998-4B82-9625-B364FA73E2D5}.Release|Any CPU.Build.0 = Release|Any CPU
		{34A550B5-271E-4794-8B96-A58867023ABB}.Debug|Any CPU.ActiveCfg = Debug|Any CPU
		{34A550B5-271E-4794-8B96-A58867023ABB}.Debug|Any CPU.Build.0 = Debug|Any CPU
		{34A550B5-271E-4794-8B96-A58867023ABB}.Release|Any CPU.ActiveCfg = Release|Any CPU
		{34A550B5-271E-4794-8B96-A58867023ABB}.Release|Any CPU.Build.0 = Release|Any CPU
		{0F622DF3-C4C1-43EB-92AD-78F7956E3AFE}.Debug|Any CPU.ActiveCfg = Debug|Any CPU
		{0F622DF3-C4C1-43EB-92AD-78F7956E3AFE}.Debug|Any CPU.Build.0 = Debug|Any CPU
		{0F622DF3-C4C1-43EB-92AD-78F7956E3AFE}.Release|Any CPU.ActiveCfg = Release|Any CPU
		{0F622DF3-C4C1-43EB-92AD-78F7956E3AFE}.Release|Any CPU.Build.0 = Release|Any CPU
		{B70BDBE4-FBC1-4DAE-AB61-33989B047232}.Debug|Any CPU.ActiveCfg = Debug|Any CPU
		{B70BDBE4-FBC1-4DAE-AB61-33989B047232}.Debug|Any CPU.Build.0 = Debug|Any CPU
		{B70BDBE4-FBC1-4DAE-AB61-33989B047232}.Release|Any CPU.ActiveCfg = Release|Any CPU
		{B70BDBE4-FBC1-4DAE-AB61-33989B047232}.Release|Any CPU.Build.0 = Release|Any CPU
		{90A7437D-97A0-48BE-A5F2-83BD84FD3323}.Debug|Any CPU.ActiveCfg = Debug|Any CPU
		{90A7437D-97A0-48BE-A5F2-83BD84FD3323}.Debug|Any CPU.Build.0 = Debug|Any CPU
		{90A7437D-97A0-48BE-A5F2-83BD84FD3323}.Release|Any CPU.ActiveCfg = Release|Any CPU
		{90A7437D-97A0-48BE-A5F2-83BD84FD3323}.Release|Any CPU.Build.0 = Release|Any CPU
		{81771C61-CC76-4CB9-AB49-CA534BBFA2A7}.Debug|Any CPU.ActiveCfg = Debug|Any CPU
		{81771C61-CC76-4CB9-AB49-CA534BBFA2A7}.Debug|Any CPU.Build.0 = Debug|Any CPU
		{81771C61-CC76-4CB9-AB49-CA534BBFA2A7}.Release|Any CPU.ActiveCfg = Release|Any CPU
		{81771C61-CC76-4CB9-AB49-CA534BBFA2A7}.Release|Any CPU.Build.0 = Release|Any CPU
		{265BC289-A224-405F-9BB4-21F3EEA5276A}.Debug|Any CPU.ActiveCfg = Debug|Any CPU
		{265BC289-A224-405F-9BB4-21F3EEA5276A}.Debug|Any CPU.Build.0 = Debug|Any CPU
		{265BC289-A224-405F-9BB4-21F3EEA5276A}.Release|Any CPU.ActiveCfg = Release|Any CPU
		{265BC289-A224-405F-9BB4-21F3EEA5276A}.Release|Any CPU.Build.0 = Release|Any CPU
		{A3DAA544-D9AD-4582-AA85-269845A7BCEE}.Debug|Any CPU.ActiveCfg = Debug|Any CPU
		{A3DAA544-D9AD-4582-AA85-269845A7BCEE}.Debug|Any CPU.Build.0 = Debug|Any CPU
		{A3DAA544-D9AD-4582-AA85-269845A7BCEE}.Release|Any CPU.ActiveCfg = Release|Any CPU
		{A3DAA544-D9AD-4582-AA85-269845A7BCEE}.Release|Any CPU.Build.0 = Release|Any CPU
		{E17B37C6-EA1D-43AB-BF95-84C6235A7959}.Debug|Any CPU.ActiveCfg = Debug|Any CPU
		{E17B37C6-EA1D-43AB-BF95-84C6235A7959}.Debug|Any CPU.Build.0 = Debug|Any CPU
		{E17B37C6-EA1D-43AB-BF95-84C6235A7959}.Release|Any CPU.ActiveCfg = Release|Any CPU
		{E17B37C6-EA1D-43AB-BF95-84C6235A7959}.Release|Any CPU.Build.0 = Release|Any CPU
		{2EB3D596-C18D-4664-98C8-1637EE7DA2A7}.Debug|Any CPU.ActiveCfg = Debug|Any CPU
		{2EB3D596-C18D-4664-98C8-1637EE7DA2A7}.Debug|Any CPU.Build.0 = Debug|Any CPU
		{2EB3D596-C18D-4664-98C8-1637EE7DA2A7}.Release|Any CPU.ActiveCfg = Release|Any CPU
		{2EB3D596-C18D-4664-98C8-1637EE7DA2A7}.Release|Any CPU.Build.0 = Release|Any CPU
		{8D7702C9-CBB0-4E60-AA1D-C86E6324F2D2}.Debug|Any CPU.ActiveCfg = Debug|Any CPU
		{8D7702C9-CBB0-4E60-AA1D-C86E6324F2D2}.Debug|Any CPU.Build.0 = Debug|Any CPU
		{8D7702C9-CBB0-4E60-AA1D-C86E6324F2D2}.Release|Any CPU.ActiveCfg = Release|Any CPU
		{8D7702C9-CBB0-4E60-AA1D-C86E6324F2D2}.Release|Any CPU.Build.0 = Release|Any CPU
		{721D0ED0-66E8-43A2-AF32-01E0909CF7C0}.Debug|Any CPU.ActiveCfg = Debug|Any CPU
		{721D0ED0-66E8-43A2-AF32-01E0909CF7C0}.Debug|Any CPU.Build.0 = Debug|Any CPU
		{721D0ED0-66E8-43A2-AF32-01E0909CF7C0}.Release|Any CPU.ActiveCfg = Release|Any CPU
		{721D0ED0-66E8-43A2-AF32-01E0909CF7C0}.Release|Any CPU.Build.0 = Release|Any CPU
		{177368C5-2B66-4970-B8C8-7C2D7F87F1AC}.Debug|Any CPU.ActiveCfg = Debug|Any CPU
		{177368C5-2B66-4970-B8C8-7C2D7F87F1AC}.Debug|Any CPU.Build.0 = Debug|Any CPU
		{177368C5-2B66-4970-B8C8-7C2D7F87F1AC}.Release|Any CPU.ActiveCfg = Release|Any CPU
		{177368C5-2B66-4970-B8C8-7C2D7F87F1AC}.Release|Any CPU.Build.0 = Release|Any CPU
		{CFD557B5-0222-400E-B83B-907E6AC16081}.Debug|Any CPU.ActiveCfg = Debug|Any CPU
		{CFD557B5-0222-400E-B83B-907E6AC16081}.Debug|Any CPU.Build.0 = Debug|Any CPU
		{CFD557B5-0222-400E-B83B-907E6AC16081}.Release|Any CPU.ActiveCfg = Release|Any CPU
		{CFD557B5-0222-400E-B83B-907E6AC16081}.Release|Any CPU.Build.0 = Release|Any CPU
		{FD34E246-366A-4A50-8B89-DA995D48DAEC}.Debug|Any CPU.ActiveCfg = Debug|Any CPU
		{FD34E246-366A-4A50-8B89-DA995D48DAEC}.Debug|Any CPU.Build.0 = Debug|Any CPU
		{FD34E246-366A-4A50-8B89-DA995D48DAEC}.Release|Any CPU.ActiveCfg = Release|Any CPU
		{FD34E246-366A-4A50-8B89-DA995D48DAEC}.Release|Any CPU.Build.0 = Release|Any CPU
		{19E9BD3F-DB34-4C70-A24F-1DD5CDB9290E}.Debug|Any CPU.ActiveCfg = Debug|Any CPU
		{19E9BD3F-DB34-4C70-A24F-1DD5CDB9290E}.Debug|Any CPU.Build.0 = Debug|Any CPU
		{19E9BD3F-DB34-4C70-A24F-1DD5CDB9290E}.Release|Any CPU.ActiveCfg = Release|Any CPU
		{19E9BD3F-DB34-4C70-A24F-1DD5CDB9290E}.Release|Any CPU.Build.0 = Release|Any CPU
		{4BA3099F-5A80-455D-82E8-4271B7228D96}.Debug|Any CPU.ActiveCfg = Debug|Any CPU
		{4BA3099F-5A80-455D-82E8-4271B7228D96}.Debug|Any CPU.Build.0 = Debug|Any CPU
		{4BA3099F-5A80-455D-82E8-4271B7228D96}.Release|Any CPU.ActiveCfg = Release|Any CPU
		{4BA3099F-5A80-455D-82E8-4271B7228D96}.Release|Any CPU.Build.0 = Release|Any CPU
		{17771631-D113-45ED-A2F4-39A7EA13CCAB}.Debug|Any CPU.ActiveCfg = Debug|Any CPU
		{17771631-D113-45ED-A2F4-39A7EA13CCAB}.Debug|Any CPU.Build.0 = Debug|Any CPU
		{17771631-D113-45ED-A2F4-39A7EA13CCAB}.Release|Any CPU.ActiveCfg = Release|Any CPU
		{17771631-D113-45ED-A2F4-39A7EA13CCAB}.Release|Any CPU.Build.0 = Release|Any CPU
	EndGlobalSection
	GlobalSection(SolutionProperties) = preSolution
		HideSolutionNode = FALSE
	EndGlobalSection
EndGlobal
