
Microsoft Visual Studio Solution File, Format Version 11.00
# Visual Studio 2010
# SharpDevelop 4.4
Project("{FD48973F-F585-4F70-812B-4D0503B36CE9}") = "pg485menudemo", "pg485menudemo.pyproj", "{2C7D0C99-CC68-40F1-89A6-E4112ABABEED}"
EndProject
Global
	GlobalSection(SolutionConfigurationPlatforms) = preSolution
		Debug|Any CPU = Debug|Any CPU
		Release|Any CPU = Release|Any CPU
	EndGlobalSection
	GlobalSection(ProjectConfigurationPlatforms) = postSolution
		{2C7D0C99-CC68-40F1-89A6-E4112ABABEED}.Debug|Any CPU.Build.0 = Debug|Any CPU
		{2C7D0C99-CC68-40F1-89A6-E4112ABABEED}.Debug|Any CPU.ActiveCfg = Debug|Any CPU
		{2C7D0C99-CC68-40F1-89A6-E4112ABABEED}.Release|Any CPU.Build.0 = Release|Any CPU
		{2C7D0C99-CC68-40F1-89A6-E4112ABABEED}.Release|Any CPU.ActiveCfg = Release|Any CPU
	EndGlobalSection
EndGlobal
