
Microsoft Visual Studio Solution File, Format Version 11.00
# Visual Studio 2010
# SharpDevelop 4.4
Project("{FD48973F-F585-4F70-812B-4D0503B36CE9}") = "prog", "prog.pyproj", "{000012B3-0D0F-4BB6-A236-D14A661A86FE}"
EndProject
Global
	GlobalSection(SolutionConfigurationPlatforms) = preSolution
		Debug|Any CPU = Debug|Any CPU
		Release|Any CPU = Release|Any CPU
	EndGlobalSection
	GlobalSection(ProjectConfigurationPlatforms) = postSolution
		{000012B3-0D0F-4BB6-A236-D14A661A86FE}.Debug|Any CPU.Build.0 = Debug|Any CPU
		{000012B3-0D0F-4BB6-A236-D14A661A86FE}.Debug|Any CPU.ActiveCfg = Debug|Any CPU
		{000012B3-0D0F-4BB6-A236-D14A661A86FE}.Release|Any CPU.Build.0 = Release|Any CPU
		{000012B3-0D0F-4BB6-A236-D14A661A86FE}.Release|Any CPU.ActiveCfg = Release|Any CPU
	EndGlobalSection
EndGlobal
