
Microsoft Visual Studio Solution File, Format Version 11.00
# Visual Studio 2010
# SharpDevelop 4.4
Project("{FD48973F-F585-4F70-812B-4D0503B36CE9}") = "pg485skateboarddesigner", "pg485skateboarddesigner.pyproj", "{95CC3145-1EBC-4082-BA56-BA3E347546D1}"
EndProject
Global
	GlobalSection(SolutionConfigurationPlatforms) = preSolution
		Debug|Any CPU = Debug|Any CPU
		Release|Any CPU = Release|Any CPU
	EndGlobalSection
	GlobalSection(ProjectConfigurationPlatforms) = postSolution
		{95CC3145-1EBC-4082-BA56-BA3E347546D1}.Debug|Any CPU.Build.0 = Debug|Any CPU
		{95CC3145-1EBC-4082-BA56-BA3E347546D1}.Debug|Any CPU.ActiveCfg = Debug|Any CPU
		{95CC3145-1EBC-4082-BA56-BA3E347546D1}.Release|Any CPU.Build.0 = Release|Any CPU
		{95CC3145-1EBC-4082-BA56-BA3E347546D1}.Release|Any CPU.ActiveCfg = Release|Any CPU
	EndGlobalSection
EndGlobal
